schema: '2.0'
stages:
  data_cleaning:
    cmd: python ./src/data/content_filtering_data_cleaning.py
    deps:
    - path: ./data/raw/Music Info.csv
      hash: md5
      md5: e63b74919a3cdada5c804df4666391c9
      size: 14985870
    - path: ./src/data/content_filtering_data_cleaning.py
      hash: md5
      md5: 64b56ad9b6b75d4e7a7c21a0c7301892
      size: 3380
    outs:
    - path: ./data/cleaned/df_songs_cleaned.csv
      hash: md5
      md5: b5e99f8fcf0e54fa347c97490c779d67
      size: 13709636
  data_transformation:
    cmd: python ./src/data/content_filtering_data_transformation.py
    deps:
    - path: ./data/cleaned/df_songs_cleaned.csv
      hash: md5
      md5: b5e99f8fcf0e54fa347c97490c779d67
      size: 13709636
    - path: ./src/data/content_filtering_data_cleaning.py
      hash: md5
      md5: 35e1413eb9f3dbea79fe4f3b121a8369
      size: 3376
    - path: ./src/data/content_filtering_data_transformation.py
      hash: md5
      md5: 65dfd61bfc913431cb8e0aa8fa9022bd
      size: 7808
    outs:
    - path: ./data/processed/content_filtering_transformed_data.npz
      hash: md5
      md5: f32fa1890a52bed4fe44aaac84bf5815
      size: 4522794
    - path: ./models/transformer.joblib
      hash: md5
      md5: fc47bd9481bf8143d3bd0b37d4187874
      size: 135629
  data_transformation_content:
    cmd: python -m src.data.content_filtering_data_transformation
    deps:
    - path: ./data/cleaned/df_songs_cleaned.csv
      hash: md5
      md5: b5e99f8fcf0e54fa347c97490c779d67
      size: 13709636
    - path: ./src/data/content_filtering_data_cleaning.py
      hash: md5
      md5: 64b56ad9b6b75d4e7a7c21a0c7301892
      size: 3380
    - path: ./src/data/content_filtering_data_transformation.py
      hash: md5
      md5: 53d98d17b1a422d25ae9fe2786dd9600
      size: 7889
    outs:
    - path: ./data/processed/content_filtering_transformed_data.npz
      hash: md5
      md5: f32fa1890a52bed4fe44aaac84bf5815
      size: 4522794
    - path: ./models/transformer.joblib
      hash: md5
      md5: 1f03db81094d1c424ffd4aa6b1d9ad44
      size: 135661
  data_transfromation_colab:
    cmd: python ./src/data/collaborative_filtering_data_transformation.py
    deps:
    - path: ./data/cleaned/df_songs_cleaned.csv
      hash: md5
      md5: b5e99f8fcf0e54fa347c97490c779d67
      size: 13709636
    - path: ./data/raw/User Listening History.csv
      hash: md5
      md5: 3a12e713844195171c7040c051d6d4ae
      size: 602515573
    - path: ./src/data/collaborative_filtering_data_transformation.py
      hash: md5
      md5: 4471ea7802714044ef57fcd7a20a95f9
      size: 6626
    outs:
    - path: ./data/filtered/Colab_filtered_data.csv
      hash: md5
      md5: c0fc661e2f86835ab81094d000285e93
      size: 8259927
    - path: ./data/processed/interaction_matrix.npz
      hash: md5
      md5: ee1c7c545d108b86e621b9911adeac57
      size: 32214966
    - path: ./data/track_ids.npy
      hash: md5
      md5: 2b98965823457fdb6526d3c5df182d03
      size: 640016
  hybrid_transformed_filtered_data:
    cmd: python -m src.data.hybrid_transformed_filtered_data
    deps:
    - path: ./data/filtered/Colab_filtered_data.csv
      hash: md5
      md5: c0fc661e2f86835ab81094d000285e93
      size: 8259927
    - path: ./src/data/hybrid_transformed_filtered_data.py
      hash: md5
      md5: 184d64665fcbac701f6d982b4163dd17
      size: 2293
    outs:
    - path: ./data/processed/hybrid_transformed_filtered_data.npz
      hash: md5
      md5: ef1c852c55cafa1102c63bd914f2b568
      size: 2735862
